
Microsoft Visual Studio Solution File, Format Version 12.00
# Visual Studio Version 16
VisualStudioVersion = 16.0.31624.102
MinimumVisualStudioVersion = 10.0.40219.1
Project("{FAE04EC0-301F-11D3-BF4B-00C04F79EFBC}") = "BackEnd", "BackEnd\BackEnd.csproj", "{39051BB5-57FE-40AA-AA19-EAC294126FF1}"
EndProject
Project("{2150E333-8FDC-42A3-9474-1A3956D46DE8}") = "BusinessTier", "BusinessTier", "{BB8F6917-6687-4438-92F2-4FF50516A5A3}"
EndProject
Project("{2150E333-8FDC-42A3-9474-1A3956D46DE8}") = "DataTier", "DataTier", "{B40F3607-3212-4894-85AC-ECFA2D079C0D}"
EndProject
Project("{2150E333-8FDC-42A3-9474-1A3956D46DE8}") = "DbConnect", "DbConnect", "{A4A7F4BD-318E-4AB7-B67F-4EA439B5EA41}"
EndProject
Project("{2150E333-8FDC-42A3-9474-1A3956D46DE8}") = "Dtos", "Dtos", "{568643EE-F22C-4B9E-8DA0-DC8F0718F84D}"
EndProject
Project("{FAE04EC0-301F-11D3-BF4B-00C04F79EFBC}") = "BackEnd.Core", "BackEnd.Core\BackEnd.Core.csproj", "{3E8C2833-9923-4776-A7C1-78713DF08CE4}"
EndProject
Project("{FAE04EC0-301F-11D3-BF4B-00C04F79EFBC}") = "BackEnd.Model", "BackEnd.Model\BackEnd.Model.csproj", "{BC0FF3A5-6CAB-44E5-9472-6DFB8C8B3D31}"
EndProject
Project("{FAE04EC0-301F-11D3-BF4B-00C04F79EFBC}") = "BackEnd.Services", "BackEnd.Services\BackEnd.Services.csproj", "{B76E7854-25E2-4F00-94EA-C6D80E0DE9DF}"
EndProject
Project("{FAE04EC0-301F-11D3-BF4B-00C04F79EFBC}") = "Repository", "Repository\Repository.csproj", "{53F25862-C2F6-4E2E-A1A4-32D3BEF30B52}"
EndProject
Project("{FAE04EC0-301F-11D3-BF4B-00C04F79EFBC}") = "UnitOfWork", "UnitOfWork\UnitOfWork.csproj", "{BE61C593-BED4-4689-B283-113FA5BEA977}"
EndProject
Project("{FAE04EC0-301F-11D3-BF4B-00C04F79EFBC}") = "DbConnect", "DbConnect\DbConnect.csproj", "{18AA604A-BF9A-47A2-8910-605852174E10}"
EndProject
Project("{FAE04EC0-301F-11D3-BF4B-00C04F79EFBC}") = "BackEnd.Dto", "BackEnd.Dto\BackEnd.Dto.csproj", "{873A7A8E-6D2D-4395-81A1-ADC8CDDF89B3}"
EndProject
Global
	GlobalSection(SolutionConfigurationPlatforms) = preSolution
		Debug|Any CPU = Debug|Any CPU
		Release|Any CPU = Release|Any CPU
	EndGlobalSection
	GlobalSection(ProjectConfigurationPlatforms) = postSolution
		{39051BB5-57FE-40AA-AA19-EAC294126FF1}.Debug|Any CPU.ActiveCfg = Debug|Any CPU
		{39051BB5-57FE-40AA-AA19-EAC294126FF1}.Debug|Any CPU.Build.0 = Debug|Any CPU
		{39051BB5-57FE-40AA-AA19-EAC294126FF1}.Release|Any CPU.ActiveCfg = Release|Any CPU
		{39051BB5-57FE-40AA-AA19-EAC294126FF1}.Release|Any CPU.Build.0 = Release|Any CPU
		{3E8C2833-9923-4776-A7C1-78713DF08CE4}.Debug|Any CPU.ActiveCfg = Debug|Any CPU
		{3E8C2833-9923-4776-A7C1-78713DF08CE4}.Debug|Any CPU.Build.0 = Debug|Any CPU
		{3E8C2833-9923-4776-A7C1-78713DF08CE4}.Release|Any CPU.ActiveCfg = Release|Any CPU
		{3E8C2833-9923-4776-A7C1-78713DF08CE4}.Release|Any CPU.Build.0 = Release|Any CPU
		{BC0FF3A5-6CAB-44E5-9472-6DFB8C8B3D31}.Debug|Any CPU.ActiveCfg = Debug|Any CPU
		{BC0FF3A5-6CAB-44E5-9472-6DFB8C8B3D31}.Debug|Any CPU.Build.0 = Debug|Any CPU
		{BC0FF3A5-6CAB-44E5-9472-6DFB8C8B3D31}.Release|Any CPU.ActiveCfg = Release|Any CPU
		{BC0FF3A5-6CAB-44E5-9472-6DFB8C8B3D31}.Release|Any CPU.Build.0 = Release|Any CPU
		{B76E7854-25E2-4F00-94EA-C6D80E0DE9DF}.Debug|Any CPU.ActiveCfg = Debug|Any CPU
		{B76E7854-25E2-4F00-94EA-C6D80E0DE9DF}.Debug|Any CPU.Build.0 = Debug|Any CPU
		{B76E7854-25E2-4F00-94EA-C6D80E0DE9DF}.Release|Any CPU.ActiveCfg = Release|Any CPU
		{B76E7854-25E2-4F00-94EA-C6D80E0DE9DF}.Release|Any CPU.Build.0 = Release|Any CPU
		{53F25862-C2F6-4E2E-A1A4-32D3BEF30B52}.Debug|Any CPU.ActiveCfg = Debug|Any CPU
		{53F25862-C2F6-4E2E-A1A4-32D3BEF30B52}.Debug|Any CPU.Build.0 = Debug|Any CPU
		{53F25862-C2F6-4E2E-A1A4-32D3BEF30B52}.Release|Any CPU.ActiveCfg = Release|Any CPU
		{53F25862-C2F6-4E2E-A1A4-32D3BEF30B52}.Release|Any CPU.Build.0 = Release|Any CPU
		{BE61C593-BED4-4689-B283-113FA5BEA977}.Debug|Any CPU.ActiveCfg = Debug|Any CPU
		{BE61C593-BED4-4689-B283-113FA5BEA977}.Debug|Any CPU.Build.0 = Debug|Any CPU
		{BE61C593-BED4-4689-B283-113FA5BEA977}.Release|Any CPU.ActiveCfg = Release|Any CPU
		{BE61C593-BED4-4689-B283-113FA5BEA977}.Release|Any CPU.Build.0 = Release|Any CPU
		{18AA604A-BF9A-47A2-8910-605852174E10}.Debug|Any CPU.ActiveCfg = Debug|Any CPU
		{18AA604A-BF9A-47A2-8910-605852174E10}.Debug|Any CPU.Build.0 = Debug|Any CPU
		{18AA604A-BF9A-47A2-8910-605852174E10}.Release|Any CPU.ActiveCfg = Release|Any CPU
		{18AA604A-BF9A-47A2-8910-605852174E10}.Release|Any CPU.Build.0 = Release|Any CPU
		{873A7A8E-6D2D-4395-81A1-ADC8CDDF89B3}.Debug|Any CPU.ActiveCfg = Debug|Any CPU
		{873A7A8E-6D2D-4395-81A1-ADC8CDDF89B3}.Debug|Any CPU.Build.0 = Debug|Any CPU
		{873A7A8E-6D2D-4395-81A1-ADC8CDDF89B3}.Release|Any CPU.ActiveCfg = Release|Any CPU
		{873A7A8E-6D2D-4395-81A1-ADC8CDDF89B3}.Release|Any CPU.Build.0 = Release|Any CPU
	EndGlobalSection
	GlobalSection(SolutionProperties) = preSolution
		HideSolutionNode = FALSE
	EndGlobalSection
	GlobalSection(NestedProjects) = preSolution
		{3E8C2833-9923-4776-A7C1-78713DF08CE4} = {BB8F6917-6687-4438-92F2-4FF50516A5A3}
		{BC0FF3A5-6CAB-44E5-9472-6DFB8C8B3D31} = {BB8F6917-6687-4438-92F2-4FF50516A5A3}
		{B76E7854-25E2-4F00-94EA-C6D80E0DE9DF} = {BB8F6917-6687-4438-92F2-4FF50516A5A3}
		{53F25862-C2F6-4E2E-A1A4-32D3BEF30B52} = {B40F3607-3212-4894-85AC-ECFA2D079C0D}
		{BE61C593-BED4-4689-B283-113FA5BEA977} = {B40F3607-3212-4894-85AC-ECFA2D079C0D}
		{18AA604A-BF9A-47A2-8910-605852174E10} = {A4A7F4BD-318E-4AB7-B67F-4EA439B5EA41}
		{873A7A8E-6D2D-4395-81A1-ADC8CDDF89B3} = {568643EE-F22C-4B9E-8DA0-DC8F0718F84D}
	EndGlobalSection
	GlobalSection(ExtensibilityGlobals) = postSolution
		SolutionGuid = {822DBF77-5625-4040-8308-F7BC7B5AEC00}
	EndGlobalSection
EndGlobal
